// !$*UTF8*$!
{
	archiveVersion = 1;
	classes = {
	};
	objectVersion = 70;
	objects = {

/* Begin PBXBuildFile section */
		1FF672912CA5D43800D76B1E /* ReplayKit.framework in Frameworks */ = {isa = PBXBuildFile; fileRef = 1FF672902CA5D43800D76B1E /* ReplayKit.framework */; };
		1FF672982CA5D43800D76B1E /* BroadcastScreenSharingHandler.appex in Embed Foundation Extensions */ = {isa = PBXBuildFile; fileRef = 1FF6728E2CA5D43800D76B1E /* BroadcastScreenSharingHandler.appex */; settings = {ATTRIBUTES = (RemoveHeadersOnCopy, ); }; };
		4B146E6A2AB873A900E6AB45 /* StreamVideo in Frameworks */ = {isa = PBXBuildFile; productRef = 4B146E692AB873A900E6AB45 /* StreamVideo */; };
		4B146E6C2AB873A900E6AB45 /* StreamVideoSwiftUI in Frameworks */ = {isa = PBXBuildFile; productRef = 4B146E6B2AB873A900E6AB45 /* StreamVideoSwiftUI */; };
		4B545D4A2AB880140062663D /* ViewController.swift in Sources */ = {isa = PBXBuildFile; fileRef = 4B545D492AB880140062663D /* ViewController.swift */; };
		4B545D522AB8A6F80062663D /* CallContainerSetup.swift in Sources */ = {isa = PBXBuildFile; fileRef = 4B545D512AB8A6F80062663D /* CallContainerSetup.swift */; };
		4B545D5B2AB9BFC50062663D /* CustomUIFactory.swift in Sources */ = {isa = PBXBuildFile; fileRef = 4B545D5A2AB9BFC50062663D /* CustomUIFactory.swift */; };
		4B545D5D2AB9BFDB0062663D /* AroundMeetingControlsView.swift in Sources */ = {isa = PBXBuildFile; fileRef = 4B545D5C2AB9BFDB0062663D /* AroundMeetingControlsView.swift */; };
		4B545D5F2AB9BFE50062663D /* AroundMeetingTopView.swift in Sources */ = {isa = PBXBuildFile; fileRef = 4B545D5E2AB9BFE50062663D /* AroundMeetingTopView.swift */; };
		4B8DDBA02AB4B0EC00714F5A /* VideoConferencingSwiftUIApp.swift in Sources */ = {isa = PBXBuildFile; fileRef = 4B8DDB9F2AB4B0EC00714F5A /* VideoConferencingSwiftUIApp.swift */; };
		4B8DDBA42AB4B0F000714F5A /* Assets.xcassets in Resources */ = {isa = PBXBuildFile; fileRef = 4B8DDBA32AB4B0F000714F5A /* Assets.xcassets */; };
		4B8DDBA72AB4B0F000714F5A /* Preview Assets.xcassets in Resources */ = {isa = PBXBuildFile; fileRef = 4B8DDBA62AB4B0F000714F5A /* Preview Assets.xcassets */; };
		4B9348192AB877F4004FAF33 /* PreJoinScreen.swift in Sources */ = {isa = PBXBuildFile; fileRef = 4B9348182AB877F4004FAF33 /* PreJoinScreen.swift */; };
		4B93481D2AB8786D004FAF33 /* MeetingOptionsView.swift in Sources */ = {isa = PBXBuildFile; fileRef = 4B93481C2AB8786D004FAF33 /* MeetingOptionsView.swift */; };
/* End PBXBuildFile section */

/* Begin PBXContainerItemProxy section */
		1FF672962CA5D43800D76B1E /* PBXContainerItemProxy */ = {
			isa = PBXContainerItemProxy;
			containerPortal = 4B8DDB942AB4B0EC00714F5A /* Project object */;
			proxyType = 1;
			remoteGlobalIDString = 1FF6728D2CA5D43800D76B1E;
			remoteInfo = BroadcastScreenSharingHandler;
		};
/* End PBXContainerItemProxy section */

/* Begin PBXCopyFilesBuildPhase section */
		1FF672992CA5D43800D76B1E /* Embed Foundation Extensions */ = {
			isa = PBXCopyFilesBuildPhase;
			buildActionMask = 2147483647;
			dstPath = "";
			dstSubfolderSpec = 13;
			files = (
				1FF672982CA5D43800D76B1E /* BroadcastScreenSharingHandler.appex in Embed Foundation Extensions */,
			);
			name = "Embed Foundation Extensions";
			runOnlyForDeploymentPostprocessing = 0;
		};
/* End PBXCopyFilesBuildPhase section */

/* Begin PBXFileReference section */
		1FF672602CA5C6C500D76B1E /* VideoConferencingSwiftUIDebug.entitlements */ = {isa = PBXFileReference; lastKnownFileType = text.plist.entitlements; path = VideoConferencingSwiftUIDebug.entitlements; sourceTree = "<group>"; };
		1FF6728E2CA5D43800D76B1E /* BroadcastScreenSharingHandler.appex */ = {isa = PBXFileReference; explicitFileType = "wrapper.app-extension"; includeInIndex = 0; path = BroadcastScreenSharingHandler.appex; sourceTree = BUILT_PRODUCTS_DIR; };
		1FF672902CA5D43800D76B1E /* ReplayKit.framework */ = {isa = PBXFileReference; lastKnownFileType = wrapper.framework; name = ReplayKit.framework; path = System/Library/Frameworks/ReplayKit.framework; sourceTree = SDKROOT; };
		4B545D492AB880140062663D /* ViewController.swift */ = {isa = PBXFileReference; fileEncoding = 4; lastKnownFileType = sourcecode.swift; path = ViewController.swift; sourceTree = "<group>"; };
		4B545D512AB8A6F80062663D /* CallContainerSetup.swift */ = {isa = PBXFileReference; lastKnownFileType = sourcecode.swift; path = CallContainerSetup.swift; sourceTree = "<group>"; };
		4B545D5A2AB9BFC50062663D /* CustomUIFactory.swift */ = {isa = PBXFileReference; fileEncoding = 4; lastKnownFileType = sourcecode.swift; path = CustomUIFactory.swift; sourceTree = "<group>"; };
		4B545D5C2AB9BFDB0062663D /* AroundMeetingControlsView.swift */ = {isa = PBXFileReference; fileEncoding = 4; lastKnownFileType = sourcecode.swift; path = AroundMeetingControlsView.swift; sourceTree = "<group>"; };
		4B545D5E2AB9BFE50062663D /* AroundMeetingTopView.swift */ = {isa = PBXFileReference; fileEncoding = 4; lastKnownFileType = sourcecode.swift; path = AroundMeetingTopView.swift; sourceTree = "<group>"; };
		4B8DDB9C2AB4B0EC00714F5A /* VideoConferencingSwiftUI.app */ = {isa = PBXFileReference; explicitFileType = wrapper.application; includeInIndex = 0; path = VideoConferencingSwiftUI.app; sourceTree = BUILT_PRODUCTS_DIR; };
		4B8DDB9F2AB4B0EC00714F5A /* VideoConferencingSwiftUIApp.swift */ = {isa = PBXFileReference; lastKnownFileType = sourcecode.swift; path = VideoConferencingSwiftUIApp.swift; sourceTree = "<group>"; };
		4B8DDBA32AB4B0F000714F5A /* Assets.xcassets */ = {isa = PBXFileReference; lastKnownFileType = folder.assetcatalog; path = Assets.xcassets; sourceTree = "<group>"; };
		4B8DDBA62AB4B0F000714F5A /* Preview Assets.xcassets */ = {isa = PBXFileReference; lastKnownFileType = folder.assetcatalog; path = "Preview Assets.xcassets"; sourceTree = "<group>"; };
		4B9329442AC4005900B60AB7 /* Info.plist */ = {isa = PBXFileReference; lastKnownFileType = text.plist; path = Info.plist; sourceTree = "<group>"; };
		4B9348182AB877F4004FAF33 /* PreJoinScreen.swift */ = {isa = PBXFileReference; fileEncoding = 4; lastKnownFileType = sourcecode.swift; path = PreJoinScreen.swift; sourceTree = "<group>"; };
		4B93481C2AB8786D004FAF33 /* MeetingOptionsView.swift */ = {isa = PBXFileReference; fileEncoding = 4; lastKnownFileType = sourcecode.swift; path = MeetingOptionsView.swift; sourceTree = "<group>"; };
/* End PBXFileReference section */

/* Begin PBXFileSystemSynchronizedBuildFileExceptionSet section */
		1FF6729C2CA5D43800D76B1E /* PBXFileSystemSynchronizedBuildFileExceptionSet */ = {
			isa = PBXFileSystemSynchronizedBuildFileExceptionSet;
			membershipExceptions = (
				Info.plist,
			);
			target = 1FF6728D2CA5D43800D76B1E /* BroadcastScreenSharingHandler */;
		};
/* End PBXFileSystemSynchronizedBuildFileExceptionSet section */

/* Begin PBXFileSystemSynchronizedRootGroup section */
		1FF672922CA5D43800D76B1E /* BroadcastScreenSharingHandler */ = {isa = PBXFileSystemSynchronizedRootGroup; exceptions = (1FF6729C2CA5D43800D76B1E /* PBXFileSystemSynchronizedBuildFileExceptionSet */, ); explicitFileTypes = {}; explicitFolders = (); path = BroadcastScreenSharingHandler; sourceTree = "<group>"; };
/* End PBXFileSystemSynchronizedRootGroup section */

/* Begin PBXFrameworksBuildPhase section */
		1FF6728B2CA5D43800D76B1E /* Frameworks */ = {
			isa = PBXFrameworksBuildPhase;
			buildActionMask = 2147483647;
			files = (
				1FF672912CA5D43800D76B1E /* ReplayKit.framework in Frameworks */,
			);
			runOnlyForDeploymentPostprocessing = 0;
		};
		4B8DDB992AB4B0EC00714F5A /* Frameworks */ = {
			isa = PBXFrameworksBuildPhase;
			buildActionMask = 2147483647;
			files = (
				4B146E6C2AB873A900E6AB45 /* StreamVideoSwiftUI in Frameworks */,
				4B146E6A2AB873A900E6AB45 /* StreamVideo in Frameworks */,
			);
			runOnlyForDeploymentPostprocessing = 0;
		};
/* End PBXFrameworksBuildPhase section */

/* Begin PBXGroup section */
		1FF6728F2CA5D43800D76B1E /* Frameworks */ = {
			isa = PBXGroup;
			children = (
				1FF672902CA5D43800D76B1E /* ReplayKit.framework */,
			);
			name = Frameworks;
			sourceTree = "<group>";
		};
		4B146E6F2AB876C500E6AB45 /* Around */ = {
			isa = PBXGroup;
			children = (
				4B545D482AB87F5C0062663D /* LiveCameraFeed */,
				4B545D532AB8AB740062663D /* Setup */,
				4B545D552AB8AC090062663D /* UIs */,
			);
			path = Around;
			sourceTree = "<group>";
		};
		4B545D482AB87F5C0062663D /* LiveCameraFeed */ = {
			isa = PBXGroup;
			children = (
				4B545D492AB880140062663D /* ViewController.swift */,
			);
			path = LiveCameraFeed;
			sourceTree = "<group>";
		};
		4B545D532AB8AB740062663D /* Setup */ = {
			isa = PBXGroup;
			children = (
				4B545D512AB8A6F80062663D /* CallContainerSetup.swift */,
			);
			path = Setup;
			sourceTree = "<group>";
		};
		4B545D552AB8AC090062663D /* UIs */ = {
			isa = PBXGroup;
			children = (
				4B545D5A2AB9BFC50062663D /* CustomUIFactory.swift */,
				4B545D5C2AB9BFDB0062663D /* AroundMeetingControlsView.swift */,
				4B545D5E2AB9BFE50062663D /* AroundMeetingTopView.swift */,
				4B93481C2AB8786D004FAF33 /* MeetingOptionsView.swift */,
				4B9348182AB877F4004FAF33 /* PreJoinScreen.swift */,
			);
			path = UIs;
			sourceTree = "<group>";
		};
		4B8DDB932AB4B0EC00714F5A = {
			isa = PBXGroup;
			children = (
				4B8DDB9E2AB4B0EC00714F5A /* VideoConferencingSwiftUI */,
				1FF672922CA5D43800D76B1E /* BroadcastScreenSharingHandler */,
				1FF6728F2CA5D43800D76B1E /* Frameworks */,
				4B8DDB9D2AB4B0EC00714F5A /* Products */,
			);
			sourceTree = "<group>";
		};
		4B8DDB9D2AB4B0EC00714F5A /* Products */ = {
			isa = PBXGroup;
			children = (
				4B8DDB9C2AB4B0EC00714F5A /* VideoConferencingSwiftUI.app */,
				1FF6728E2CA5D43800D76B1E /* BroadcastScreenSharingHandler.appex */,
			);
			name = Products;
			sourceTree = "<group>";
		};
		4B8DDB9E2AB4B0EC00714F5A /* VideoConferencingSwiftUI */ = {
			isa = PBXGroup;
			children = (
				1FF672602CA5C6C500D76B1E /* VideoConferencingSwiftUIDebug.entitlements */,
				4B9329442AC4005900B60AB7 /* Info.plist */,
				4B8DDB9F2AB4B0EC00714F5A /* VideoConferencingSwiftUIApp.swift */,
				4B146E6F2AB876C500E6AB45 /* Around */,
				4B8DDBA32AB4B0F000714F5A /* Assets.xcassets */,
				4B8DDBA52AB4B0F000714F5A /* Preview Content */,
			);
			path = VideoConferencingSwiftUI;
			sourceTree = "<group>";
		};
		4B8DDBA52AB4B0F000714F5A /* Preview Content */ = {
			isa = PBXGroup;
			children = (
				4B8DDBA62AB4B0F000714F5A /* Preview Assets.xcassets */,
			);
			path = "Preview Content";
			sourceTree = "<group>";
		};
/* End PBXGroup section */

/* Begin PBXNativeTarget section */
		1FF6728D2CA5D43800D76B1E /* BroadcastScreenSharingHandler */ = {
			isa = PBXNativeTarget;
			buildConfigurationList = 1FF6729D2CA5D43800D76B1E /* Build configuration list for PBXNativeTarget "BroadcastScreenSharingHandler" */;
			buildPhases = (
				1FF6728A2CA5D43800D76B1E /* Sources */,
				1FF6728B2CA5D43800D76B1E /* Frameworks */,
				1FF6728C2CA5D43800D76B1E /* Resources */,
			);
			buildRules = (
			);
			dependencies = (
			);
			fileSystemSynchronizedGroups = (
				1FF672922CA5D43800D76B1E /* BroadcastScreenSharingHandler */,
			);
			name = BroadcastScreenSharingHandler;
			packageProductDependencies = (
			);
			productName = BroadcastScreenSharingHandler;
			productReference = 1FF6728E2CA5D43800D76B1E /* BroadcastScreenSharingHandler.appex */;
			productType = "com.apple.product-type.app-extension";
		};
		4B8DDB9B2AB4B0EC00714F5A /* VideoConferencingSwiftUI */ = {
			isa = PBXNativeTarget;
			buildConfigurationList = 4B8DDBAA2AB4B0F000714F5A /* Build configuration list for PBXNativeTarget "VideoConferencingSwiftUI" */;
			buildPhases = (
				4B8DDB982AB4B0EC00714F5A /* Sources */,
				4B8DDB992AB4B0EC00714F5A /* Frameworks */,
				4B8DDB9A2AB4B0EC00714F5A /* Resources */,
				1FF672992CA5D43800D76B1E /* Embed Foundation Extensions */,
			);
			buildRules = (
			);
			dependencies = (
				1FF672972CA5D43800D76B1E /* PBXTargetDependency */,
			);
			name = VideoConferencingSwiftUI;
			packageProductDependencies = (
				4B146E692AB873A900E6AB45 /* StreamVideo */,
				4B146E6B2AB873A900E6AB45 /* StreamVideoSwiftUI */,
			);
			productName = VideoConferencingSwiftUI;
			productReference = 4B8DDB9C2AB4B0EC00714F5A /* VideoConferencingSwiftUI.app */;
			productType = "com.apple.product-type.application";
		};
/* End PBXNativeTarget section */

/* Begin PBXProject section */
		4B8DDB942AB4B0EC00714F5A /* Project object */ = {
			isa = PBXProject;
			attributes = {
				BuildIndependentTargetsInParallel = 1;
				LastSwiftUpdateCheck = 1600;
				LastUpgradeCheck = 1500;
				TargetAttributes = {
					1FF6728D2CA5D43800D76B1E = {
						CreatedOnToolsVersion = 16.0;
					};
					4B8DDB9B2AB4B0EC00714F5A = {
						CreatedOnToolsVersion = 15.0;
					};
				};
			};
			buildConfigurationList = 4B8DDB972AB4B0EC00714F5A /* Build configuration list for PBXProject "VideoConferencingSwiftUI" */;
			compatibilityVersion = "Xcode 14.0";
			developmentRegion = en;
			hasScannedForEncodings = 0;
			knownRegions = (
				en,
				Base,
			);
			mainGroup = 4B8DDB932AB4B0EC00714F5A;
			packageReferences = (
				4B146E682AB873A900E6AB45 /* XCRemoteSwiftPackageReference "stream-video-swift" */,
			);
			productRefGroup = 4B8DDB9D2AB4B0EC00714F5A /* Products */;
			projectDirPath = "";
			projectRoot = "";
			targets = (
				4B8DDB9B2AB4B0EC00714F5A /* VideoConferencingSwiftUI */,
				1FF6728D2CA5D43800D76B1E /* BroadcastScreenSharingHandler */,
			);
		};
/* End PBXProject section */

/* Begin PBXResourcesBuildPhase section */
		1FF6728C2CA5D43800D76B1E /* Resources */ = {
			isa = PBXResourcesBuildPhase;
			buildActionMask = 2147483647;
			files = (
			);
			runOnlyForDeploymentPostprocessing = 0;
		};
		4B8DDB9A2AB4B0EC00714F5A /* Resources */ = {
			isa = PBXResourcesBuildPhase;
			buildActionMask = 2147483647;
			files = (
				4B8DDBA72AB4B0F000714F5A /* Preview Assets.xcassets in Resources */,
				4B8DDBA42AB4B0F000714F5A /* Assets.xcassets in Resources */,
			);
			runOnlyForDeploymentPostprocessing = 0;
		};
/* End PBXResourcesBuildPhase section */

/* Begin PBXSourcesBuildPhase section */
		1FF6728A2CA5D43800D76B1E /* Sources */ = {
			isa = PBXSourcesBuildPhase;
			buildActionMask = 2147483647;
			files = (
			);
			runOnlyForDeploymentPostprocessing = 0;
		};
		4B8DDB982AB4B0EC00714F5A /* Sources */ = {
			isa = PBXSourcesBuildPhase;
			buildActionMask = 2147483647;
			files = (
				4B545D4A2AB880140062663D /* ViewController.swift in Sources */,
				4B545D5F2AB9BFE50062663D /* AroundMeetingTopView.swift in Sources */,
				4B8DDBA02AB4B0EC00714F5A /* VideoConferencingSwiftUIApp.swift in Sources */,
				4B545D5B2AB9BFC50062663D /* CustomUIFactory.swift in Sources */,
				4B93481D2AB8786D004FAF33 /* MeetingOptionsView.swift in Sources */,
				4B9348192AB877F4004FAF33 /* PreJoinScreen.swift in Sources */,
				4B545D5D2AB9BFDB0062663D /* AroundMeetingControlsView.swift in Sources */,
				4B545D522AB8A6F80062663D /* CallContainerSetup.swift in Sources */,
			);
			runOnlyForDeploymentPostprocessing = 0;
		};
/* End PBXSourcesBuildPhase section */

/* Begin PBXTargetDependency section */
		1FF672972CA5D43800D76B1E /* PBXTargetDependency */ = {
			isa = PBXTargetDependency;
			target = 1FF6728D2CA5D43800D76B1E /* BroadcastScreenSharingHandler */;
			targetProxy = 1FF672962CA5D43800D76B1E /* PBXContainerItemProxy */;
		};
/* End PBXTargetDependency section */

/* Begin XCBuildConfiguration section */
		1FF6729A2CA5D43800D76B1E /* Debug */ = {
			isa = XCBuildConfiguration;
			buildSettings = {
				CODE_SIGN_ENTITLEMENTS = BroadcastScreenSharingHandler/BroadcastScreenSharingHandlerDebug.entitlements;
				CODE_SIGN_STYLE = Automatic;
				CURRENT_PROJECT_VERSION = 1;
				DEVELOPMENT_TEAM = 33K7URGK8L;
				GENERATE_INFOPLIST_FILE = YES;
				INFOPLIST_FILE = BroadcastScreenSharingHandler/Info.plist;
				INFOPLIST_KEY_CFBundleDisplayName = BroadcastScreenSharingHandler;
				INFOPLIST_KEY_NSHumanReadableCopyright = "";
				IPHONEOS_DEPLOYMENT_TARGET = 18.0;
				LD_RUNPATH_SEARCH_PATHS = (
					"$(inherited)",
					"@executable_path/Frameworks",
					"@executable_path/../../Frameworks",
				);
				MARKETING_VERSION = 1.0;
				PRODUCT_BUNDLE_IDENTIFIER = com.amosgyamfi.VideoConferencingSwiftUI.BroadcastScreenSharingHandler;
				PRODUCT_NAME = "$(TARGET_NAME)";
				SKIP_INSTALL = YES;
				SWIFT_EMIT_LOC_STRINGS = YES;
				SWIFT_VERSION = 5.0;
				TARGETED_DEVICE_FAMILY = "1,2";
			};
			name = Debug;
		};
		1FF6729B2CA5D43800D76B1E /* Release */ = {
			isa = XCBuildConfiguration;
			buildSettings = {
				CODE_SIGN_STYLE = Automatic;
				CURRENT_PROJECT_VERSION = 1;
				DEVELOPMENT_TEAM = 33K7URGK8L;
				GENERATE_INFOPLIST_FILE = YES;
				INFOPLIST_FILE = BroadcastScreenSharingHandler/Info.plist;
				INFOPLIST_KEY_CFBundleDisplayName = BroadcastScreenSharingHandler;
				INFOPLIST_KEY_NSHumanReadableCopyright = "";
				IPHONEOS_DEPLOYMENT_TARGET = 18.0;
				LD_RUNPATH_SEARCH_PATHS = (
					"$(inherited)",
					"@executable_path/Frameworks",
					"@executable_path/../../Frameworks",
				);
				MARKETING_VERSION = 1.0;
				PRODUCT_BUNDLE_IDENTIFIER = com.amosgyamfi.VideoConferencingSwiftUI.BroadcastScreenSharingHandler;
				PRODUCT_NAME = "$(TARGET_NAME)";
				SKIP_INSTALL = YES;
				SWIFT_EMIT_LOC_STRINGS = YES;
				SWIFT_VERSION = 5.0;
				TARGETED_DEVICE_FAMILY = "1,2";
			};
			name = Release;
		};
		4B8DDBA82AB4B0F000714F5A /* Debug */ = {
			isa = XCBuildConfiguration;
			buildSettings = {
				ALWAYS_SEARCH_USER_PATHS = NO;
				ASSETCATALOG_COMPILER_GENERATE_SWIFT_ASSET_SYMBOL_EXTENSIONS = YES;
				CLANG_ANALYZER_NONNULL = YES;
				CLANG_ANALYZER_NUMBER_OBJECT_CONVERSION = YES_AGGRESSIVE;
				CLANG_CXX_LANGUAGE_STANDARD = "gnu++20";
				CLANG_ENABLE_MODULES = YES;
				CLANG_ENABLE_OBJC_ARC = YES;
				CLANG_ENABLE_OBJC_WEAK = YES;
				CLANG_WARN_BLOCK_CAPTURE_AUTORELEASING = YES;
				CLANG_WARN_BOOL_CONVERSION = YES;
				CLANG_WARN_COMMA = YES;
				CLANG_WARN_CONSTANT_CONVERSION = YES;
				CLANG_WARN_DEPRECATED_OBJC_IMPLEMENTATIONS = YES;
				CLANG_WARN_DIRECT_OBJC_ISA_USAGE = YES_ERROR;
				CLANG_WARN_DOCUMENTATION_COMMENTS = YES;
				CLANG_WARN_EMPTY_BODY = YES;
				CLANG_WARN_ENUM_CONVERSION = YES;
				CLANG_WARN_INFINITE_RECURSION = YES;
				CLANG_WARN_INT_CONVERSION = YES;
				CLANG_WARN_NON_LITERAL_NULL_CONVERSION = YES;
				CLANG_WARN_OBJC_IMPLICIT_RETAIN_SELF = YES;
				CLANG_WARN_OBJC_LITERAL_CONVERSION = YES;
				CLANG_WARN_OBJC_ROOT_CLASS = YES_ERROR;
				CLANG_WARN_QUOTED_INCLUDE_IN_FRAMEWORK_HEADER = YES;
				CLANG_WARN_RANGE_LOOP_ANALYSIS = YES;
				CLANG_WARN_STRICT_PROTOTYPES = YES;
				CLANG_WARN_SUSPICIOUS_MOVE = YES;
				CLANG_WARN_UNGUARDED_AVAILABILITY = YES_AGGRESSIVE;
				CLANG_WARN_UNREACHABLE_CODE = YES;
				CLANG_WARN__DUPLICATE_METHOD_MATCH = YES;
				COPY_PHASE_STRIP = NO;
				DEBUG_INFORMATION_FORMAT = dwarf;
				ENABLE_STRICT_OBJC_MSGSEND = YES;
				ENABLE_TESTABILITY = YES;
				ENABLE_USER_SCRIPT_SANDBOXING = YES;
				GCC_C_LANGUAGE_STANDARD = gnu17;
				GCC_DYNAMIC_NO_PIC = NO;
				GCC_NO_COMMON_BLOCKS = YES;
				GCC_OPTIMIZATION_LEVEL = 0;
				GCC_PREPROCESSOR_DEFINITIONS = (
					"DEBUG=1",
					"$(inherited)",
				);
				GCC_WARN_64_TO_32_BIT_CONVERSION = YES;
				GCC_WARN_ABOUT_RETURN_TYPE = YES_ERROR;
				GCC_WARN_UNDECLARED_SELECTOR = YES;
				GCC_WARN_UNINITIALIZED_AUTOS = YES_AGGRESSIVE;
				GCC_WARN_UNUSED_FUNCTION = YES;
				GCC_WARN_UNUSED_VARIABLE = YES;
				IPHONEOS_DEPLOYMENT_TARGET = 17.0;
				LOCALIZATION_PREFERS_STRING_CATALOGS = YES;
				MTL_ENABLE_DEBUG_INFO = INCLUDE_SOURCE;
				MTL_FAST_MATH = YES;
				ONLY_ACTIVE_ARCH = YES;
				SDKROOT = iphoneos;
				SWIFT_ACTIVE_COMPILATION_CONDITIONS = "DEBUG $(inherited)";
				SWIFT_OPTIMIZATION_LEVEL = "-Onone";
			};
			name = Debug;
		};
		4B8DDBA92AB4B0F000714F5A /* Release */ = {
			isa = XCBuildConfiguration;
			buildSettings = {
				ALWAYS_SEARCH_USER_PATHS = NO;
				ASSETCATALOG_COMPILER_GENERATE_SWIFT_ASSET_SYMBOL_EXTENSIONS = YES;
				CLANG_ANALYZER_NONNULL = YES;
				CLANG_ANALYZER_NUMBER_OBJECT_CONVERSION = YES_AGGRESSIVE;
				CLANG_CXX_LANGUAGE_STANDARD = "gnu++20";
				CLANG_ENABLE_MODULES = YES;
				CLANG_ENABLE_OBJC_ARC = YES;
				CLANG_ENABLE_OBJC_WEAK = YES;
				CLANG_WARN_BLOCK_CAPTURE_AUTORELEASING = YES;
				CLANG_WARN_BOOL_CONVERSION = YES;
				CLANG_WARN_COMMA = YES;
				CLANG_WARN_CONSTANT_CONVERSION = YES;
				CLANG_WARN_DEPRECATED_OBJC_IMPLEMENTATIONS = YES;
				CLANG_WARN_DIRECT_OBJC_ISA_USAGE = YES_ERROR;
				CLANG_WARN_DOCUMENTATION_COMMENTS = YES;
				CLANG_WARN_EMPTY_BODY = YES;
				CLANG_WARN_ENUM_CONVERSION = YES;
				CLANG_WARN_INFINITE_RECURSION = YES;
				CLANG_WARN_INT_CONVERSION = YES;
				CLANG_WARN_NON_LITERAL_NULL_CONVERSION = YES;
				CLANG_WARN_OBJC_IMPLICIT_RETAIN_SELF = YES;
				CLANG_WARN_OBJC_LITERAL_CONVERSION = YES;
				CLANG_WARN_OBJC_ROOT_CLASS = YES_ERROR;
				CLANG_WARN_QUOTED_INCLUDE_IN_FRAMEWORK_HEADER = YES;
				CLANG_WARN_RANGE_LOOP_ANALYSIS = YES;
				CLANG_WARN_STRICT_PROTOTYPES = YES;
				CLANG_WARN_SUSPICIOUS_MOVE = YES;
				CLANG_WARN_UNGUARDED_AVAILABILITY = YES_AGGRESSIVE;
				CLANG_WARN_UNREACHABLE_CODE = YES;
				CLANG_WARN__DUPLICATE_METHOD_MATCH = YES;
				COPY_PHASE_STRIP = NO;
				DEBUG_INFORMATION_FORMAT = "dwarf-with-dsym";
				ENABLE_NS_ASSERTIONS = NO;
				ENABLE_STRICT_OBJC_MSGSEND = YES;
				ENABLE_USER_SCRIPT_SANDBOXING = YES;
				GCC_C_LANGUAGE_STANDARD = gnu17;
				GCC_NO_COMMON_BLOCKS = YES;
				GCC_WARN_64_TO_32_BIT_CONVERSION = YES;
				GCC_WARN_ABOUT_RETURN_TYPE = YES_ERROR;
				GCC_WARN_UNDECLARED_SELECTOR = YES;
				GCC_WARN_UNINITIALIZED_AUTOS = YES_AGGRESSIVE;
				GCC_WARN_UNUSED_FUNCTION = YES;
				GCC_WARN_UNUSED_VARIABLE = YES;
				IPHONEOS_DEPLOYMENT_TARGET = 17.0;
				LOCALIZATION_PREFERS_STRING_CATALOGS = YES;
				MTL_ENABLE_DEBUG_INFO = NO;
				MTL_FAST_MATH = YES;
				SDKROOT = iphoneos;
				SWIFT_COMPILATION_MODE = wholemodule;
				VALIDATE_PRODUCT = YES;
			};
			name = Release;
		};
		4B8DDBAB2AB4B0F000714F5A /* Debug */ = {
			isa = XCBuildConfiguration;
			buildSettings = {
				ASSETCATALOG_COMPILER_APPICON_NAME = AppIcon;
				ASSETCATALOG_COMPILER_GLOBAL_ACCENT_COLOR_NAME = AccentColor;
				CODE_SIGN_ENTITLEMENTS = VideoConferencingSwiftUI/VideoConferencingSwiftUIDebug.entitlements;
				CODE_SIGN_STYLE = Automatic;
				CURRENT_PROJECT_VERSION = 1;
				DEVELOPMENT_ASSET_PATHS = "\"VideoConferencingSwiftUI/Preview Content\"";
				DEVELOPMENT_TEAM = 33K7URGK8L;
				ENABLE_PREVIEWS = YES;
				GENERATE_INFOPLIST_FILE = YES;
				INFOPLIST_FILE = VideoConferencingSwiftUI/Info.plist;
				INFOPLIST_KEY_NSCameraUsageDescription = "camera permission";
				INFOPLIST_KEY_NSMicrophoneUsageDescription = "microphone permission";
				INFOPLIST_KEY_UIApplicationSceneManifest_Generation = YES;
				INFOPLIST_KEY_UIApplicationSupportsIndirectInputEvents = YES;
				INFOPLIST_KEY_UILaunchScreen_Generation = YES;
				INFOPLIST_KEY_UISupportedInterfaceOrientations_iPad = "UIInterfaceOrientationPortrait UIInterfaceOrientationPortraitUpsideDown UIInterfaceOrientationLandscapeLeft UIInterfaceOrientationLandscapeRight";
				INFOPLIST_KEY_UISupportedInterfaceOrientations_iPhone = "UIInterfaceOrientationPortrait UIInterfaceOrientationLandscapeLeft UIInterfaceOrientationLandscapeRight";
				LD_RUNPATH_SEARCH_PATHS = (
					"$(inherited)",
					"@executable_path/Frameworks",
				);
				MARKETING_VERSION = 1.0;
				PRODUCT_BUNDLE_IDENTIFIER = com.tjmax.VideoConferencingSwiftUI;
				PRODUCT_NAME = "$(TARGET_NAME)";
				SWIFT_EMIT_LOC_STRINGS = YES;
				SWIFT_VERSION = 5.0;
				TARGETED_DEVICE_FAMILY = "1,2";
			};
			name = Debug;
		};
		4B8DDBAC2AB4B0F000714F5A /* Release */ = {
			isa = XCBuildConfiguration;
			buildSettings = {
				ASSETCATALOG_COMPILER_APPICON_NAME = AppIcon;
				ASSETCATALOG_COMPILER_GLOBAL_ACCENT_COLOR_NAME = AccentColor;
				CODE_SIGN_STYLE = Automatic;
				CURRENT_PROJECT_VERSION = 1;
				DEVELOPMENT_ASSET_PATHS = "\"VideoConferencingSwiftUI/Preview Content\"";
				DEVELOPMENT_TEAM = 33K7URGK8L;
				ENABLE_PREVIEWS = YES;
				GENERATE_INFOPLIST_FILE = YES;
				INFOPLIST_FILE = VideoConferencingSwiftUI/Info.plist;
				INFOPLIST_KEY_NSCameraUsageDescription = "camera permission";
				INFOPLIST_KEY_NSMicrophoneUsageDescription = "microphone permission";
				INFOPLIST_KEY_UIApplicationSceneManifest_Generation = YES;
				INFOPLIST_KEY_UIApplicationSupportsIndirectInputEvents = YES;
				INFOPLIST_KEY_UILaunchScreen_Generation = YES;
				INFOPLIST_KEY_UISupportedInterfaceOrientations_iPad = "UIInterfaceOrientationPortrait UIInterfaceOrientationPortraitUpsideDown UIInterfaceOrientationLandscapeLeft UIInterfaceOrientationLandscapeRight";
				INFOPLIST_KEY_UISupportedInterfaceOrientations_iPhone = "UIInterfaceOrientationPortrait UIInterfaceOrientationLandscapeLeft UIInterfaceOrientationLandscapeRight";
				LD_RUNPATH_SEARCH_PATHS = (
					"$(inherited)",
					"@executable_path/Frameworks",
				);
				MARKETING_VERSION = 1.0;
				PRODUCT_BUNDLE_IDENTIFIER = com.amosgyamfi.VideoConferencingSwiftUI;
				PRODUCT_NAME = "$(TARGET_NAME)";
				SWIFT_EMIT_LOC_STRINGS = YES;
				SWIFT_VERSION = 5.0;
				TARGETED_DEVICE_FAMILY = "1,2";
			};
			name = Release;
		};
/* End XCBuildConfiguration section */

/* Begin XCConfigurationList section */
		1FF6729D2CA5D43800D76B1E /* Build configuration list for PBXNativeTarget "BroadcastScreenSharingHandler" */ = {
			isa = XCConfigurationList;
			buildConfigurations = (
				1FF6729A2CA5D43800D76B1E /* Debug */,
				1FF6729B2CA5D43800D76B1E /* Release */,
			);
			defaultConfigurationIsVisible = 0;
			defaultConfigurationName = Release;
		};
		4B8DDB972AB4B0EC00714F5A /* Build configuration list for PBXProject "VideoConferencingSwiftUI" */ = {
			isa = XCConfigurationList;
			buildConfigurations = (
				4B8DDBA82AB4B0F000714F5A /* Debug */,
				4B8DDBA92AB4B0F000714F5A /* Release */,
			);
			defaultConfigurationIsVisible = 0;
			defaultConfigurationName = Release;
		};
		4B8DDBAA2AB4B0F000714F5A /* Build configuration list for PBXNativeTarget "VideoConferencingSwiftUI" */ = {
			isa = XCConfigurationList;
			buildConfigurations = (
				4B8DDBAB2AB4B0F000714F5A /* Debug */,
				4B8DDBAC2AB4B0F000714F5A /* Release */,
			);
			defaultConfigurationIsVisible = 0;
			defaultConfigurationName = Release;
		};
/* End XCConfigurationList section */

/* Begin XCRemoteSwiftPackageReference section */
		4B146E682AB873A900E6AB45 /* XCRemoteSwiftPackageReference "stream-video-swift" */ = {
			isa = XCRemoteSwiftPackageReference;
			repositoryURL = "https://github.com/GetStream/stream-video-swift";
			requirement = {
				kind = upToNextMajorVersion;
				minimumVersion = 0.3.0;
			};
		};
/* End XCRemoteSwiftPackageReference section */

/* Begin XCSwiftPackageProductDependency section */
		4B146E692AB873A900E6AB45 /* StreamVideo */ = {
			isa = XCSwiftPackageProductDependency;
			package = 4B146E682AB873A900E6AB45 /* XCRemoteSwiftPackageReference "stream-video-swift" */;
			productName = StreamVideo;
		};
		4B146E6B2AB873A900E6AB45 /* StreamVideoSwiftUI */ = {
			isa = XCSwiftPackageProductDependency;
			package = 4B146E682AB873A900E6AB45 /* XCRemoteSwiftPackageReference "stream-video-swift" */;
			productName = StreamVideoSwiftUI;
		};
/* End XCSwiftPackageProductDependency section */
	};
	rootObject = 4B8DDB942AB4B0EC00714F5A /* Project object */;
}
